
Microsoft Visual Studio Solution File, Format Version 12.00
# Visual Studio 15
VisualStudioVersion = 15.0.28307.645
MinimumVisualStudioVersion = 10.0.40219.1
Project("{FAE04EC0-301F-11D3-BF4B-00C04F79EFBC}") = "CalculadorDeImposto", "CalculadorDeImposto\CalculadorDeImposto.csproj", "{35DD389A-C61E-496E-A8B7-097543E9FC05}"
EndProject
Project("{FAE04EC0-301F-11D3-BF4B-00C04F79EFBC}") = "RealizadorDeInvestimentos", "RealizadorDeInvestimentos\RealizadorDeInvestimentos.csproj", "{FB9E1748-71AC-4BB0-8485-01443517550D}"
EndProject
Project("{9A19103F-16F7-4668-BE54-9A1E7A4F7556}") = "CalculadorDeDescontos", "CalculadorDeDescontos\CalculadorDeDescontos.csproj", "{05E170CA-23C9-45AA-8515-95251EBFBFA5}"
EndProject
Project("{FAE04EC0-301F-11D3-BF4B-00C04F79EFBC}") = "FormatosDeRequisicoes", "FormatosDeRequisicoes\FormatosDeRequisicoes.csproj", "{A255A7EB-757D-4E54-9E22-055B14CBFDDB}"
EndProject
Project("{FAE04EC0-301F-11D3-BF4B-00C04F79EFBC}") = "ComposicaoDeImpostos", "ComposicaoDeImpostos\ComposicaoDeImpostos.csproj", "{228A0CCE-CF25-4BDD-84AB-025A3D3BD8B5}"
EndProject
Project("{FAE04EC0-301F-11D3-BF4B-00C04F79EFBC}") = "FiltrosDeContas", "FiltrosDeContas\FiltrosDeContas.csproj", "{C35C0008-2957-4DD5-BE48-A35410F437B2}"
EndProject
Project("{FAE04EC0-301F-11D3-BF4B-00C04F79EFBC}") = "EstadosDeOrcamento", "EstadosDeOrcamento\EstadosDeOrcamento.csproj", "{994B9142-F862-4294-AB9B-C9E8D08BAEE2}"
EndProject
Project("{FAE04EC0-301F-11D3-BF4B-00C04F79EFBC}") = "EstadosDeContas", "EstadosDeContas\EstadosDeContas.csproj", "{0A1162F2-6D11-4F95-98E9-5F56A081CCFB}"
EndProject
Project("{FAE04EC0-301F-11D3-BF4B-00C04F79EFBC}") = "Builder", "Builder\Builder.csproj", "{37C4FDED-3020-467E-B6A7-42922998239B}"
EndProject
Project("{FAE04EC0-301F-11D3-BF4B-00C04F79EFBC}") = "Factory", "Factory\Factory.csproj", "{3D6FDAD7-3D48-47E1-BDF2-7FEEE6FE1013}"
EndProject
Project("{FAE04EC0-301F-11D3-BF4B-00C04F79EFBC}") = "Flyweight", "Flyweight\Flyweight.csproj", "{DD58297D-FCFB-45F3-A6E9-5584B541AB68}"
EndProject
Project("{FAE04EC0-301F-11D3-BF4B-00C04F79EFBC}") = "Memento", "Memento\Memento.csproj", "{9994E1A0-E35A-453C-9DFA-2035AD023ED1}"
EndProject
Global
	GlobalSection(SolutionConfigurationPlatforms) = preSolution
		Debug|Any CPU = Debug|Any CPU
		Release|Any CPU = Release|Any CPU
	EndGlobalSection
	GlobalSection(ProjectConfigurationPlatforms) = postSolution
		{35DD389A-C61E-496E-A8B7-097543E9FC05}.Debug|Any CPU.ActiveCfg = Debug|Any CPU
		{35DD389A-C61E-496E-A8B7-097543E9FC05}.Debug|Any CPU.Build.0 = Debug|Any CPU
		{35DD389A-C61E-496E-A8B7-097543E9FC05}.Release|Any CPU.ActiveCfg = Release|Any CPU
		{35DD389A-C61E-496E-A8B7-097543E9FC05}.Release|Any CPU.Build.0 = Release|Any CPU
		{FB9E1748-71AC-4BB0-8485-01443517550D}.Debug|Any CPU.ActiveCfg = Debug|Any CPU
		{FB9E1748-71AC-4BB0-8485-01443517550D}.Debug|Any CPU.Build.0 = Debug|Any CPU
		{FB9E1748-71AC-4BB0-8485-01443517550D}.Release|Any CPU.ActiveCfg = Release|Any CPU
		{FB9E1748-71AC-4BB0-8485-01443517550D}.Release|Any CPU.Build.0 = Release|Any CPU
		{05E170CA-23C9-45AA-8515-95251EBFBFA5}.Debug|Any CPU.ActiveCfg = Debug|Any CPU
		{05E170CA-23C9-45AA-8515-95251EBFBFA5}.Debug|Any CPU.Build.0 = Debug|Any CPU
		{05E170CA-23C9-45AA-8515-95251EBFBFA5}.Release|Any CPU.ActiveCfg = Release|Any CPU
		{05E170CA-23C9-45AA-8515-95251EBFBFA5}.Release|Any CPU.Build.0 = Release|Any CPU
		{A255A7EB-757D-4E54-9E22-055B14CBFDDB}.Debug|Any CPU.ActiveCfg = Debug|Any CPU
		{A255A7EB-757D-4E54-9E22-055B14CBFDDB}.Debug|Any CPU.Build.0 = Debug|Any CPU
		{A255A7EB-757D-4E54-9E22-055B14CBFDDB}.Release|Any CPU.ActiveCfg = Release|Any CPU
		{A255A7EB-757D-4E54-9E22-055B14CBFDDB}.Release|Any CPU.Build.0 = Release|Any CPU
		{228A0CCE-CF25-4BDD-84AB-025A3D3BD8B5}.Debug|Any CPU.ActiveCfg = Debug|Any CPU
		{228A0CCE-CF25-4BDD-84AB-025A3D3BD8B5}.Debug|Any CPU.Build.0 = Debug|Any CPU
		{228A0CCE-CF25-4BDD-84AB-025A3D3BD8B5}.Release|Any CPU.ActiveCfg = Release|Any CPU
		{228A0CCE-CF25-4BDD-84AB-025A3D3BD8B5}.Release|Any CPU.Build.0 = Release|Any CPU
		{C35C0008-2957-4DD5-BE48-A35410F437B2}.Debug|Any CPU.ActiveCfg = Debug|Any CPU
		{C35C0008-2957-4DD5-BE48-A35410F437B2}.Debug|Any CPU.Build.0 = Debug|Any CPU
		{C35C0008-2957-4DD5-BE48-A35410F437B2}.Release|Any CPU.ActiveCfg = Release|Any CPU
		{C35C0008-2957-4DD5-BE48-A35410F437B2}.Release|Any CPU.Build.0 = Release|Any CPU
		{994B9142-F862-4294-AB9B-C9E8D08BAEE2}.Debug|Any CPU.ActiveCfg = Debug|Any CPU
		{994B9142-F862-4294-AB9B-C9E8D08BAEE2}.Debug|Any CPU.Build.0 = Debug|Any CPU
		{994B9142-F862-4294-AB9B-C9E8D08BAEE2}.Release|Any CPU.ActiveCfg = Release|Any CPU
		{994B9142-F862-4294-AB9B-C9E8D08BAEE2}.Release|Any CPU.Build.0 = Release|Any CPU
		{0A1162F2-6D11-4F95-98E9-5F56A081CCFB}.Debug|Any CPU.ActiveCfg = Debug|Any CPU
		{0A1162F2-6D11-4F95-98E9-5F56A081CCFB}.Debug|Any CPU.Build.0 = Debug|Any CPU
		{0A1162F2-6D11-4F95-98E9-5F56A081CCFB}.Release|Any CPU.ActiveCfg = Release|Any CPU
		{0A1162F2-6D11-4F95-98E9-5F56A081CCFB}.Release|Any CPU.Build.0 = Release|Any CPU
		{37C4FDED-3020-467E-B6A7-42922998239B}.Debug|Any CPU.ActiveCfg = Debug|Any CPU
		{37C4FDED-3020-467E-B6A7-42922998239B}.Debug|Any CPU.Build.0 = Debug|Any CPU
		{37C4FDED-3020-467E-B6A7-42922998239B}.Release|Any CPU.ActiveCfg = Release|Any CPU
		{37C4FDED-3020-467E-B6A7-42922998239B}.Release|Any CPU.Build.0 = Release|Any CPU
		{3D6FDAD7-3D48-47E1-BDF2-7FEEE6FE1013}.Debug|Any CPU.ActiveCfg = Debug|Any CPU
		{3D6FDAD7-3D48-47E1-BDF2-7FEEE6FE1013}.Debug|Any CPU.Build.0 = Debug|Any CPU
		{3D6FDAD7-3D48-47E1-BDF2-7FEEE6FE1013}.Release|Any CPU.ActiveCfg = Release|Any CPU
		{3D6FDAD7-3D48-47E1-BDF2-7FEEE6FE1013}.Release|Any CPU.Build.0 = Release|Any CPU
		{DD58297D-FCFB-45F3-A6E9-5584B541AB68}.Debug|Any CPU.ActiveCfg = Debug|Any CPU
		{DD58297D-FCFB-45F3-A6E9-5584B541AB68}.Debug|Any CPU.Build.0 = Debug|Any CPU
		{DD58297D-FCFB-45F3-A6E9-5584B541AB68}.Release|Any CPU.ActiveCfg = Release|Any CPU
		{DD58297D-FCFB-45F3-A6E9-5584B541AB68}.Release|Any CPU.Build.0 = Release|Any CPU
		{9994E1A0-E35A-453C-9DFA-2035AD023ED1}.Debug|Any CPU.ActiveCfg = Debug|Any CPU
		{9994E1A0-E35A-453C-9DFA-2035AD023ED1}.Debug|Any CPU.Build.0 = Debug|Any CPU
		{9994E1A0-E35A-453C-9DFA-2035AD023ED1}.Release|Any CPU.ActiveCfg = Release|Any CPU
		{9994E1A0-E35A-453C-9DFA-2035AD023ED1}.Release|Any CPU.Build.0 = Release|Any CPU
	EndGlobalSection
	GlobalSection(SolutionProperties) = preSolution
		HideSolutionNode = FALSE
	EndGlobalSection
	GlobalSection(ExtensibilityGlobals) = postSolution
		SolutionGuid = {C160E0BF-E387-42A3-ABDC-8F1A65F4A059}
	EndGlobalSection
EndGlobal
