
Microsoft Visual Studio Solution File, Format Version 12.00
# Visual Studio 15
VisualStudioVersion = 15.0.27130.2027
MinimumVisualStudioVersion = 10.0.40219.1
Project("{2150E333-8FDC-42A3-9474-1A3956D46DE8}") = "Aulas", "Aulas", "{6474456B-3094-4366-B537-73466B93B359}"
EndProject
Project("{2150E333-8FDC-42A3-9474-1A3956D46DE8}") = "Aula2", "Aula2", "{09801604-FC38-4D04-90B5-1F023C6DE2F4}"
EndProject
Project("{9A19103F-16F7-4668-BE54-9A1E7A4F7556}") = "CasaDoCodigo", "Aulas\Aula2\CasaDoCodigo\CasaDoCodigo.csproj", "{724F6AC3-E136-4FC6-94E6-B65077B1734C}"
EndProject
Global
	GlobalSection(SolutionConfigurationPlatforms) = preSolution
		Debug|Any CPU = Debug|Any CPU
		Release|Any CPU = Release|Any CPU
	EndGlobalSection
	GlobalSection(ProjectConfigurationPlatforms) = postSolution
		{724F6AC3-E136-4FC6-94E6-B65077B1734C}.Debug|Any CPU.ActiveCfg = Debug|Any CPU
		{724F6AC3-E136-4FC6-94E6-B65077B1734C}.Debug|Any CPU.Build.0 = Debug|Any CPU
		{724F6AC3-E136-4FC6-94E6-B65077B1734C}.Release|Any CPU.ActiveCfg = Release|Any CPU
		{724F6AC3-E136-4FC6-94E6-B65077B1734C}.Release|Any CPU.Build.0 = Release|Any CPU
	EndGlobalSection
	GlobalSection(SolutionProperties) = preSolution
		HideSolutionNode = FALSE
	EndGlobalSection
	GlobalSection(NestedProjects) = preSolution
		{09801604-FC38-4D04-90B5-1F023C6DE2F4} = {6474456B-3094-4366-B537-73466B93B359}
		{724F6AC3-E136-4FC6-94E6-B65077B1734C} = {09801604-FC38-4D04-90B5-1F023C6DE2F4}
	EndGlobalSection
	GlobalSection(ExtensibilityGlobals) = postSolution
		SolutionGuid = {6FED210B-3460-45CF-9C4D-877F0D63546F}
	EndGlobalSection
EndGlobal
